
Microsoft Visual Studio Solution File, Format Version 12.00
# Visual Studio Version 17
VisualStudioVersion = 17.14.36414.22
MinimumVisualStudioVersion = 10.0.40219.1
Project("{FAE04EC0-301F-11D3-BF4B-00C04F79EFBC}") = "FACe.NetCore", "NetCore\FACe.NetCore.csproj", "{B395AD2B-C9AA-73F4-2379-50836A71AFBD}"
EndProject
Project("{FAE04EC0-301F-11D3-BF4B-00C04F79EFBC}") = "FACe.NetFramework461", "NetFramework461\FACe.NetFramework461.csproj", "{A2D48916-AAAD-40BB-9A0E-89BC200E0891}"
EndProject
Project("{FAE04EC0-301F-11D3-BF4B-00C04F79EFBC}") = "FACe.NetFramework472", "NetFramework472\FACe.NetFramework472.csproj", "{F24959D2-6BB6-49BB-BBD3-2F5E1DDFC2A2}"
EndProject
Project("{FAE04EC0-301F-11D3-BF4B-00C04F79EFBC}") = "FACe.NetFramework480", "NetFramework480\FACe.NetFramework480.csproj", "{40ECBC01-AD01-4219-9C32-49A0F932D1D5}"
EndProject
Global
	GlobalSection(SolutionConfigurationPlatforms) = preSolution
		Debug|Any CPU = Debug|Any CPU
		Release|Any CPU = Release|Any CPU
	EndGlobalSection
	GlobalSection(ProjectConfigurationPlatforms) = postSolution
		{B395AD2B-C9AA-73F4-2379-50836A71AFBD}.Debug|Any CPU.ActiveCfg = Debug|Any CPU
		{B395AD2B-C9AA-73F4-2379-50836A71AFBD}.Debug|Any CPU.Build.0 = Debug|Any CPU
		{B395AD2B-C9AA-73F4-2379-50836A71AFBD}.Release|Any CPU.ActiveCfg = Release|Any CPU
		{B395AD2B-C9AA-73F4-2379-50836A71AFBD}.Release|Any CPU.Build.0 = Release|Any CPU
		{A2D48916-AAAD-40BB-9A0E-89BC200E0891}.Debug|Any CPU.ActiveCfg = Debug|Any CPU
		{A2D48916-AAAD-40BB-9A0E-89BC200E0891}.Debug|Any CPU.Build.0 = Debug|Any CPU
		{A2D48916-AAAD-40BB-9A0E-89BC200E0891}.Release|Any CPU.ActiveCfg = Release|Any CPU
		{A2D48916-AAAD-40BB-9A0E-89BC200E0891}.Release|Any CPU.Build.0 = Release|Any CPU
		{F24959D2-6BB6-49BB-BBD3-2F5E1DDFC2A2}.Debug|Any CPU.ActiveCfg = Debug|Any CPU
		{F24959D2-6BB6-49BB-BBD3-2F5E1DDFC2A2}.Debug|Any CPU.Build.0 = Debug|Any CPU
		{F24959D2-6BB6-49BB-BBD3-2F5E1DDFC2A2}.Release|Any CPU.ActiveCfg = Release|Any CPU
		{F24959D2-6BB6-49BB-BBD3-2F5E1DDFC2A2}.Release|Any CPU.Build.0 = Release|Any CPU
		{40ECBC01-AD01-4219-9C32-49A0F932D1D5}.Debug|Any CPU.ActiveCfg = Debug|Any CPU
		{40ECBC01-AD01-4219-9C32-49A0F932D1D5}.Debug|Any CPU.Build.0 = Debug|Any CPU
		{40ECBC01-AD01-4219-9C32-49A0F932D1D5}.Release|Any CPU.ActiveCfg = Release|Any CPU
		{40ECBC01-AD01-4219-9C32-49A0F932D1D5}.Release|Any CPU.Build.0 = Release|Any CPU
	EndGlobalSection
	GlobalSection(SolutionProperties) = preSolution
		HideSolutionNode = FALSE
	EndGlobalSection
	GlobalSection(ExtensibilityGlobals) = postSolution
		SolutionGuid = {3E8A5326-A582-4D34-A4A8-33092DBF8642}
	EndGlobalSection
EndGlobal
